
Microsoft Visual Studio Solution File, Format Version 12.00
# Visual Studio Version 16
VisualStudioVersion = 16.0.32413.511
MinimumVisualStudioVersion = 10.0.40219.1
Project("{888888A0-9F3D-457C-B088-3A5042F75D52}") = "csv-to-img", "csv-to-img.pyproj", "{E0E00D52-781D-4A56-8388-F8AF32D1031E}"
EndProject
Global
	GlobalSection(SolutionConfigurationPlatforms) = preSolution
		Debug|Any CPU = Debug|Any CPU
		Release|Any CPU = Release|Any CPU
	EndGlobalSection
	GlobalSection(ProjectConfigurationPlatforms) = postSolution
		{E0E00D52-781D-4A56-8388-F8AF32D1031E}.Debug|Any CPU.ActiveCfg = Debug|Any CPU
		{E0E00D52-781D-4A56-8388-F8AF32D1031E}.Release|Any CPU.ActiveCfg = Release|Any CPU
	EndGlobalSection
	GlobalSection(SolutionProperties) = preSolution
		HideSolutionNode = FALSE
	EndGlobalSection
	GlobalSection(ExtensibilityGlobals) = postSolution
		SolutionGuid = {0BD5AF10-6B64-454F-9F65-4606A388B04A}
	EndGlobalSection
EndGlobal
