
Microsoft Visual Studio Solution File, Format Version 12.00
# Visual Studio Version 16
VisualStudioVersion = 16.0.32413.511
MinimumVisualStudioVersion = 10.0.40219.1
Project("{888888A0-9F3D-457C-B088-3A5042F75D52}") = "tf-obj-detection-test", "tf-obj-detection-test.pyproj", "{7E3C2CCD-EAC5-4A1C-8318-4276BB72E059}"
EndProject
Global
	GlobalSection(SolutionConfigurationPlatforms) = preSolution
		Debug|Any CPU = Debug|Any CPU
		Release|Any CPU = Release|Any CPU
	EndGlobalSection
	GlobalSection(ProjectConfigurationPlatforms) = postSolution
		{7E3C2CCD-EAC5-4A1C-8318-4276BB72E059}.Debug|Any CPU.ActiveCfg = Debug|Any CPU
		{7E3C2CCD-EAC5-4A1C-8318-4276BB72E059}.Release|Any CPU.ActiveCfg = Release|Any CPU
	EndGlobalSection
	GlobalSection(SolutionProperties) = preSolution
		HideSolutionNode = FALSE
	EndGlobalSection
	GlobalSection(ExtensibilityGlobals) = postSolution
		SolutionGuid = {173FCD19-4F23-430B-9A88-EB2ABC863A71}
	EndGlobalSection
EndGlobal
